
Microsoft Visual Studio Solution File, Format Version 12.00
# Visual Studio Version 17
VisualStudioVersion = 17.6.33829.357
MinimumVisualStudioVersion = 10.0.40219.1
Project("{FAE04EC0-301F-11D3-BF4B-00C04F79EFBC}") = "polekwadratu", "polekwadratu\polekwadratu.csproj", "{3B592CC0-CEC6-4896-8161-A519C85AA5B3}"
EndProject
Global
	GlobalSection(SolutionConfigurationPlatforms) = preSolution
		Debug|Any CPU = Debug|Any CPU
		Release|Any CPU = Release|Any CPU
	EndGlobalSection
	GlobalSection(ProjectConfigurationPlatforms) = postSolution
		{3B592CC0-CEC6-4896-8161-A519C85AA5B3}.Debug|Any CPU.ActiveCfg = Debug|Any CPU
		{3B592CC0-CEC6-4896-8161-A519C85AA5B3}.Debug|Any CPU.Build.0 = Debug|Any CPU
		{3B592CC0-CEC6-4896-8161-A519C85AA5B3}.Release|Any CPU.ActiveCfg = Release|Any CPU
		{3B592CC0-CEC6-4896-8161-A519C85AA5B3}.Release|Any CPU.Build.0 = Release|Any CPU
	EndGlobalSection
	GlobalSection(SolutionProperties) = preSolution
		HideSolutionNode = FALSE
	EndGlobalSection
	GlobalSection(ExtensibilityGlobals) = postSolution
		SolutionGuid = {4AB1CBAE-C2F8-4B6D-AE7E-AA0010A64383}
	EndGlobalSection
EndGlobal
